{
  "name": "secure-claude-skills",
  "version": "1.0.17",
  "lockfileVersion": 3,
  "requires": true,
  "packages": {
    "": {
      "name": "secure-claude-skills",
      "version": "1.0.17",
      "license": "MIT",
      "bin": {
        "secure-claude-skills": "bin/cli.js"
      },
      "devDependencies": {},
      "engines": {
        "node": ">=18.0.0"
      }
    }
  }
}
